
Microsoft Visual Studio Solution File, Format Version 12.00
# Visual Studio 14
VisualStudioVersion = 14.0.25420.1
MinimumVisualStudioVersion = 10.0.40219.1
Project("{FAE04EC0-301F-11D3-BF4B-00C04F79EFBC}") = "WZNLAssignments", "WZNLAssignments\WZNLAssignments.csproj", "{E2751372-E2A8-4D6A-9019-E045F7F389A1}"
EndProject
Project("{FAE04EC0-301F-11D3-BF4B-00C04F79EFBC}") = "WZNLFramework", "WZNLFramework\WZNLFramework.csproj", "{AE834A1A-8334-4045-B29E-229C78EB28AE}"
EndProject
Global
	GlobalSection(SolutionConfigurationPlatforms) = preSolution
		Debug|Any CPU = Debug|Any CPU
		Release|Any CPU = Release|Any CPU
	EndGlobalSection
	GlobalSection(ProjectConfigurationPlatforms) = postSolution
		{E2751372-E2A8-4D6A-9019-E045F7F389A1}.Debug|Any CPU.ActiveCfg = Debug|Any CPU
		{E2751372-E2A8-4D6A-9019-E045F7F389A1}.Debug|Any CPU.Build.0 = Debug|Any CPU
		{E2751372-E2A8-4D6A-9019-E045F7F389A1}.Release|Any CPU.ActiveCfg = Release|Any CPU
		{E2751372-E2A8-4D6A-9019-E045F7F389A1}.Release|Any CPU.Build.0 = Release|Any CPU
		{AE834A1A-8334-4045-B29E-229C78EB28AE}.Debug|Any CPU.ActiveCfg = Debug|Any CPU
		{AE834A1A-8334-4045-B29E-229C78EB28AE}.Debug|Any CPU.Build.0 = Debug|Any CPU
		{AE834A1A-8334-4045-B29E-229C78EB28AE}.Release|Any CPU.ActiveCfg = Release|Any CPU
		{AE834A1A-8334-4045-B29E-229C78EB28AE}.Release|Any CPU.Build.0 = Release|Any CPU
	EndGlobalSection
	GlobalSection(SolutionProperties) = preSolution
		HideSolutionNode = FALSE
	EndGlobalSection
EndGlobal
